
Microsoft Visual Studio Solution File, Format Version 12.00
# Visual Studio Version 17
VisualStudioVersion = 17.1.32210.238
MinimumVisualStudioVersion = 10.0.40219.1
Project("{9A19103F-16F7-4668-BE54-9A1E7A4F7556}") = "AdsApi", "AdsApi.csproj", "{23508D2F-E1AD-4504-A5EB-E2204B640CFC}"
EndProject
Global
	GlobalSection(SolutionConfigurationPlatforms) = preSolution
		Debug|Any CPU = Debug|Any CPU
		Release|Any CPU = Release|Any CPU
	EndGlobalSection
	GlobalSection(ProjectConfigurationPlatforms) = postSolution
		{23508D2F-E1AD-4504-A5EB-E2204B640CFC}.Debug|Any CPU.ActiveCfg = Debug|Any CPU
		{23508D2F-E1AD-4504-A5EB-E2204B640CFC}.Debug|Any CPU.Build.0 = Debug|Any CPU
		{23508D2F-E1AD-4504-A5EB-E2204B640CFC}.Release|Any CPU.ActiveCfg = Release|Any CPU
		{23508D2F-E1AD-4504-A5EB-E2204B640CFC}.Release|Any CPU.Build.0 = Release|Any CPU
	EndGlobalSection
	GlobalSection(SolutionProperties) = preSolution
		HideSolutionNode = FALSE
	EndGlobalSection
	GlobalSection(ExtensibilityGlobals) = postSolution
		SolutionGuid = {312145CC-790B-4B23-93DB-DABB9709EEEC}
	EndGlobalSection
EndGlobal
